
Microsoft Visual Studio Solution File, Format Version 12.00
# Visual Studio 15
VisualStudioVersion = 15.0.27703.2042
MinimumVisualStudioVersion = 10.0.40219.1
Project("{FAE04EC0-301F-11D3-BF4B-00C04F79EFBC}") = "recommendations-api", "recommendations-api\recommendations-api.csproj", "{ADF087BB-CF91-4B6E-A241-06F20A358933}"
EndProject
Global
	GlobalSection(SolutionConfigurationPlatforms) = preSolution
		Debug|Any CPU = Debug|Any CPU
		Release|Any CPU = Release|Any CPU
	EndGlobalSection
	GlobalSection(ProjectConfigurationPlatforms) = postSolution
		{ADF087BB-CF91-4B6E-A241-06F20A358933}.Debug|Any CPU.ActiveCfg = Debug|Any CPU
		{ADF087BB-CF91-4B6E-A241-06F20A358933}.Debug|Any CPU.Build.0 = Debug|Any CPU
		{ADF087BB-CF91-4B6E-A241-06F20A358933}.Release|Any CPU.ActiveCfg = Release|Any CPU
		{ADF087BB-CF91-4B6E-A241-06F20A358933}.Release|Any CPU.Build.0 = Release|Any CPU
	EndGlobalSection
	GlobalSection(SolutionProperties) = preSolution
		HideSolutionNode = FALSE
	EndGlobalSection
	GlobalSection(ExtensibilityGlobals) = postSolution
		SolutionGuid = {56753FF8-02A5-4FFC-9AF9-C7EC8E45CDB7}
	EndGlobalSection
EndGlobal
